# THIS IS AN AUTOGENERATED FILE. DO NOT EDIT THIS FILE DIRECTLY.
# yarn lockfile v1


firewebkit-kube@^1.0.4:
  version "1.0.4"
  resolved "https://registry.npmjs.org/firewebkit-kube/-/firewebkit-kube-1.0.4.tgz#808bd807163997110d441c782526db2ee70bb7d2"
  integrity sha512-cZHGff+DoPbHjmdJdFwq/H4uuBUt65HIuva20JAW+OIYjuBvYTlCZdLCr7nzqSm8LNnILQnOEbEbLXzs0T0KCQ==
